
Microsoft Visual Studio Solution File, Format Version 12.00
# Visual Studio Version 17
VisualStudioVersion = 17.5.33516.290
MinimumVisualStudioVersion = 10.0.40219.1
Project("{FAE04EC0-301F-11D3-BF4B-00C04F79EFBC}") = "PL", "PL\PL.csproj", "{8F80369D-9AE9-4B44-A4E4-8D64815AFFAF}"
EndProject
Global
	GlobalSection(SolutionConfigurationPlatforms) = preSolution
		Debug|Any CPU = Debug|Any CPU
		Release|Any CPU = Release|Any CPU
	EndGlobalSection
	GlobalSection(ProjectConfigurationPlatforms) = postSolution
		{8F80369D-9AE9-4B44-A4E4-8D64815AFFAF}.Debug|Any CPU.ActiveCfg = Debug|Any CPU
		{8F80369D-9AE9-4B44-A4E4-8D64815AFFAF}.Debug|Any CPU.Build.0 = Debug|Any CPU
		{8F80369D-9AE9-4B44-A4E4-8D64815AFFAF}.Release|Any CPU.ActiveCfg = Release|Any CPU
		{8F80369D-9AE9-4B44-A4E4-8D64815AFFAF}.Release|Any CPU.Build.0 = Release|Any CPU
	EndGlobalSection
	GlobalSection(SolutionProperties) = preSolution
		HideSolutionNode = FALSE
	EndGlobalSection
	GlobalSection(ExtensibilityGlobals) = postSolution
		SolutionGuid = {5E84B40A-A64D-4F46-9194-214B82223F05}
	EndGlobalSection
EndGlobal
